PODS:
  - app_di_swift (0.0.1):
    - ios_kotlin_pod
    - lib_basic_swift
    - solution_ab_api_swift
    - solution_ab_impl_swift
    - solution_attention_api_swift
    - solution_attention_impl_swift
    - solution_auth_api_swift
    - solution_auth_impl_swift
    - solution_bonus_api_swift
    - solution_bonus_impl_swift
    - solution_buy_api_swift
    - solution_buy_impl_swift
    - solution_order_api_swift
    - solution_order_impl_swift
    - solution_search_form_api_swift
    - solution_search_form_impl_swift
    - solution_search_result_api_swift
    - solution_search_result_impl_swift
    - solution_search_start_api_swift
    - solution_search_start_impl_swift
    - solution_settings_api_swift
    - solution_settings_impl_swift
    - solution_tab_search_api_swift
    - solution_tab_search_impl_swift
    - solution_tabs_api_swift
    - solution_tabs_impl_swift
    - solution_weather_api_swift
    - solution_weather_impl_swift
  - ios_kotlin_pod (1.0)
  - lib_basic_swift (0.0.1):
    - ios_kotlin_pod
  - solution_ab_api_swift (0.0.1):
    - ios_kotlin_pod
    - lib_basic_swift
  - solution_ab_impl_swift (0.0.1):
    - ios_kotlin_pod
    - lib_basic_swift
    - solution_ab_api_swift
  - solution_attention_api_swift (0.0.1):
    - ios_kotlin_pod
    - lib_basic_swift
  - solution_attention_impl_swift (0.0.1):
    - ios_kotlin_pod
    - lib_basic_swift
    - solution_ab_api_swift
    - solution_attention_api_swift
    - solution_auth_api_swift
    - solution_bonus_api_swift
    - solution_order_api_swift
    - solution_weather_api_swift
  - solution_auth_api_swift (0.0.1):
    - ios_kotlin_pod
    - lib_basic_swift
  - solution_auth_impl_swift (0.0.1):
    - ios_kotlin_pod
    - lib_basic_swift
    - solution_auth_api_swift
  - solution_bonus_api_swift (0.0.1):
    - ios_kotlin_pod
    - lib_basic_swift
  - solution_bonus_impl_swift (0.0.1):
    - ios_kotlin_pod
    - lib_basic_swift
    - solution_bonus_api_swift
  - solution_buy_api_swift (0.0.1):
    - ios_kotlin_pod
    - lib_basic_swift
  - solution_buy_impl_swift (0.0.1):
    - ios_kotlin_pod
    - lib_basic_swift
    - solution_bonus_api_swift
    - solution_buy_api_swift
  - solution_order_api_swift (0.0.1):
    - ios_kotlin_pod
    - lib_basic_swift
  - solution_order_impl_swift (0.0.1):
    - ios_kotlin_pod
    - lib_basic_swift
    - solution_auth_api_swift
    - solution_order_api_swift
  - solution_search_form_api_swift (0.0.1):
    - ios_kotlin_pod
    - lib_basic_swift
  - solution_search_form_impl_swift (0.0.1):
    - ios_kotlin_pod
    - lib_basic_swift
    - solution_attention_api_swift
    - solution_search_form_api_swift
  - solution_search_result_api_swift (0.0.1):
    - ios_kotlin_pod
    - lib_basic_swift
  - solution_search_result_impl_swift (0.0.1):
    - ios_kotlin_pod
    - lib_basic_swift
    - solution_search_result_api_swift
    - solution_search_start_api_swift
  - solution_search_start_api_swift (0.0.1):
    - ios_kotlin_pod
    - lib_basic_swift
  - solution_search_start_impl_swift (0.0.1):
    - ios_kotlin_pod
    - lib_basic_swift
    - solution_search_start_api_swift
  - solution_settings_api_swift (0.0.1):
    - ios_kotlin_pod
    - lib_basic_swift
  - solution_settings_impl_swift (0.0.1):
    - ios_kotlin_pod
    - lib_basic_swift
    - solution_ab_api_swift
    - solution_auth_api_swift
    - solution_bonus_api_swift
    - solution_settings_api_swift
  - solution_tab_search_api_swift (0.0.1):
    - ios_kotlin_pod
    - lib_basic_swift
  - solution_tab_search_impl_swift (0.0.1):
    - ios_kotlin_pod
    - lib_basic_swift
    - solution_buy_api_swift
    - solution_search_form_api_swift
    - solution_search_result_api_swift
    - solution_search_start_api_swift
    - solution_tab_search_api_swift
  - solution_tabs_api_swift (0.0.1):
    - ios_kotlin_pod
    - lib_basic_swift
  - solution_tabs_impl_swift (0.0.1):
    - ios_kotlin_pod
    - lib_basic_swift
    - solution_order_api_swift
    - solution_settings_api_swift
    - solution_tab_search_api_swift
    - solution_tabs_api_swift
  - solution_weather_api_swift (0.0.1):
    - ios_kotlin_pod
    - lib_basic_swift
  - solution_weather_impl_swift (0.0.1):
    - ios_kotlin_pod
    - lib_basic_swift
    - solution_weather_api_swift

DEPENDENCIES:
  - app_di_swift (from `app-di/src/iOSMain/swift`)
  - ios_kotlin_pod (from `ios-kotlin-pod`)
  - lib_basic_swift (from `lib-basic/src/iOSMain/swift`)
  - solution_ab_api_swift (from `solution-ab-api/src/iOSMain/swift`)
  - solution_ab_impl_swift (from `solution-ab-impl/src/iOSMain/swift`)
  - solution_attention_api_swift (from `solution-attention-api/src/iOSMain/swift`)
  - solution_attention_impl_swift (from `solution-attention-impl/src/iOSMain/swift`)
  - solution_auth_api_swift (from `solution-auth-api/src/iOSMain/swift`)
  - solution_auth_impl_swift (from `solution-auth-impl/src/iOSMain/swift`)
  - solution_bonus_api_swift (from `solution-bonus-api/src/iOSMain/swift`)
  - solution_bonus_impl_swift (from `solution-bonus-impl/src/iOSMain/swift`)
  - solution_buy_api_swift (from `solution-buy-api/src/iOSMain/swift`)
  - solution_buy_impl_swift (from `solution-buy-impl/src/iOSMain/swift`)
  - solution_order_api_swift (from `solution-order-api/src/iOSMain/swift`)
  - solution_order_impl_swift (from `solution-order-impl/src/iOSMain/swift`)
  - solution_search_form_api_swift (from `solution-search-form-api/src/iOSMain/swift`)
  - solution_search_form_impl_swift (from `solution-search-form-impl/src/iOSMain/swift`)
  - solution_search_result_api_swift (from `solution-search-result-api/src/iOSMain/swift`)
  - solution_search_result_impl_swift (from `solution-search-result-impl/src/iOSMain/swift`)
  - solution_search_start_api_swift (from `solution-search-start-api/src/iOSMain/swift`)
  - solution_search_start_impl_swift (from `solution-search-start-impl/src/iOSMain/swift`)
  - solution_settings_api_swift (from `solution-settings-api/src/iOSMain/swift`)
  - solution_settings_impl_swift (from `solution-settings-impl/src/iOSMain/swift`)
  - solution_tab_search_api_swift (from `solution-tab-search-api/src/iOSMain/swift`)
  - solution_tab_search_impl_swift (from `solution-tab-search-impl/src/iOSMain/swift`)
  - solution_tabs_api_swift (from `solution-tabs-api/src/iOSMain/swift`)
  - solution_tabs_impl_swift (from `solution-tabs-impl/src/iOSMain/swift`)
  - solution_weather_api_swift (from `solution-weather-api/src/iOSMain/swift`)
  - solution_weather_impl_swift (from `solution-weather-impl/src/iOSMain/swift`)

EXTERNAL SOURCES:
  app_di_swift:
    :path: app-di/src/iOSMain/swift
  ios_kotlin_pod:
    :path: ios-kotlin-pod
  lib_basic_swift:
    :path: lib-basic/src/iOSMain/swift
  solution_ab_api_swift:
    :path: solution-ab-api/src/iOSMain/swift
  solution_ab_impl_swift:
    :path: solution-ab-impl/src/iOSMain/swift
  solution_attention_api_swift:
    :path: solution-attention-api/src/iOSMain/swift
  solution_attention_impl_swift:
    :path: solution-attention-impl/src/iOSMain/swift
  solution_auth_api_swift:
    :path: solution-auth-api/src/iOSMain/swift
  solution_auth_impl_swift:
    :path: solution-auth-impl/src/iOSMain/swift
  solution_bonus_api_swift:
    :path: solution-bonus-api/src/iOSMain/swift
  solution_bonus_impl_swift:
    :path: solution-bonus-impl/src/iOSMain/swift
  solution_buy_api_swift:
    :path: solution-buy-api/src/iOSMain/swift
  solution_buy_impl_swift:
    :path: solution-buy-impl/src/iOSMain/swift
  solution_order_api_swift:
    :path: solution-order-api/src/iOSMain/swift
  solution_order_impl_swift:
    :path: solution-order-impl/src/iOSMain/swift
  solution_search_form_api_swift:
    :path: solution-search-form-api/src/iOSMain/swift
  solution_search_form_impl_swift:
    :path: solution-search-form-impl/src/iOSMain/swift
  solution_search_result_api_swift:
    :path: solution-search-result-api/src/iOSMain/swift
  solution_search_result_impl_swift:
    :path: solution-search-result-impl/src/iOSMain/swift
  solution_search_start_api_swift:
    :path: solution-search-start-api/src/iOSMain/swift
  solution_search_start_impl_swift:
    :path: solution-search-start-impl/src/iOSMain/swift
  solution_settings_api_swift:
    :path: solution-settings-api/src/iOSMain/swift
  solution_settings_impl_swift:
    :path: solution-settings-impl/src/iOSMain/swift
  solution_tab_search_api_swift:
    :path: solution-tab-search-api/src/iOSMain/swift
  solution_tab_search_impl_swift:
    :path: solution-tab-search-impl/src/iOSMain/swift
  solution_tabs_api_swift:
    :path: solution-tabs-api/src/iOSMain/swift
  solution_tabs_impl_swift:
    :path: solution-tabs-impl/src/iOSMain/swift
  solution_weather_api_swift:
    :path: solution-weather-api/src/iOSMain/swift
  solution_weather_impl_swift:
    :path: solution-weather-impl/src/iOSMain/swift

SPEC CHECKSUMS:
  app_di_swift: 74ed4c5617088e126201b33980a0242822b4ec2c
  ios_kotlin_pod: 73b3b882aa2766416b7711e8dbfc54b4b2d3dcd9
  lib_basic_swift: 8ed50701b93fb992d87e2bd0419b84a13299ad9a
  solution_ab_api_swift: 16b50516202dbebcee7e6d939928027a444eff2a
  solution_ab_impl_swift: 65ea7e1175eb8b9e8f4e734de79df2a13627089f
  solution_attention_api_swift: 1a3ac18852a84dde8c958e20a67346d640869110
  solution_attention_impl_swift: d802d6f28446f57b14629c6510a819208d88a036
  solution_auth_api_swift: ed51bb857e130a825cb798ee00621b6b636d01a5
  solution_auth_impl_swift: 899bc78498e077bca2a46d473fd6709e97de75d4
  solution_bonus_api_swift: 792d2852ec42bb19e6cb97342ff0d8f4f3ac1403
  solution_bonus_impl_swift: 63d0296a5e67072f1a79814ada47604a718788af
  solution_buy_api_swift: 00014830b95538f923dda04acb2a1b52a08065a4
  solution_buy_impl_swift: 17ad039c43857fa482cfc9a9a72d1066e8e9a1c7
  solution_order_api_swift: b51463d800c22d9cb5ef22af20ab0d64b4ad6477
  solution_order_impl_swift: e9bbb8aca2d0f246414919154ffce0e4ea228302
  solution_search_form_api_swift: a7e3d63c3df8f5b98bfdbd38388343debcd6b626
  solution_search_form_impl_swift: 02da0382901fb2ccc1b0510650854dbd76a090cd
  solution_search_result_api_swift: 81480bd82e3e12721f0beef8ac1d59aeceebdf14
  solution_search_result_impl_swift: fc7c14f4d24643cc03c6d0140978b8243f9c2314
  solution_search_start_api_swift: 9c83e066e3850984a0263628a60873377164ff8f
  solution_search_start_impl_swift: 650fd78b9af4787bc7b733eea4b90f7b4237b860
  solution_settings_api_swift: ef763ef2f70512c5897196553b4f7ec7fb69e838
  solution_settings_impl_swift: f53d33c1a3c83960db03b4e64fcb9f0eab914c12
  solution_tab_search_api_swift: d7848a4c0a5c1973398416c6cd54db1ae904ef13
  solution_tab_search_impl_swift: aabea0c4a060e794ac5ea39a82d95c78df021245
  solution_tabs_api_swift: f70432fdb2be74f8de4bebe2017a59612ef2aad9
  solution_tabs_impl_swift: 79ac5f08bf1546b9baed3b30d55138bcb3dad811
  solution_weather_api_swift: d88854689109121b1d19692b4df5a7f3d6c54c7e
  solution_weather_impl_swift: 44924c37c8fc0cee99220f4a074b2b7c1e92c766

PODFILE CHECKSUM: d03d638b1c9e6723095085cdffd3f5a490daac00

COCOAPODS: 1.9.3
