// !$*UTF8*$!
{
	archiveVersion = 1;
	classes = {
	};
	objectVersion = 50;
	objects = {

/* Begin PBXBuildFile section */
		1848852150318B7F652DA366 /* GlobalContentView.swift in Sources */ = {isa = PBXBuildFile; fileRef = 184880366F87E288C6C88C03 /* GlobalContentView.swift */; };
		18488EECCB0E98A89641E29A /* GlobalViewModel.swift in Sources */ = {isa = PBXBuildFile; fileRef = 18488A76CFCF62982A99149C /* GlobalViewModel.swift */; };
		326BD77024E48AB3003C9F4E /* AppDelegate.swift in Sources */ = {isa = PBXBuildFile; fileRef = 326BD76F24E48AB3003C9F4E /* AppDelegate.swift */; };
		326BD77224E48AB3003C9F4E /* SceneDelegate.swift in Sources */ = {isa = PBXBuildFile; fileRef = 326BD77124E48AB3003C9F4E /* SceneDelegate.swift */; };
		326BD77624E48AB6003C9F4E /* Assets.xcassets in Resources */ = {isa = PBXBuildFile; fileRef = 326BD77524E48AB6003C9F4E /* Assets.xcassets */; };
		326BD77924E48AB6003C9F4E /* Preview Assets.xcassets in Resources */ = {isa = PBXBuildFile; fileRef = 326BD77824E48AB6003C9F4E /* Preview Assets.xcassets */; };
		326BD77C24E48AB6003C9F4E /* LaunchScreen.storyboard in Resources */ = {isa = PBXBuildFile; fileRef = 326BD77A24E48AB6003C9F4E /* LaunchScreen.storyboard */; };
		326BD78724E48AB6003C9F4E /* BonusSolutionSampleIosTests.swift in Sources */ = {isa = PBXBuildFile; fileRef = 326BD78624E48AB6003C9F4E /* BonusSolutionSampleIosTests.swift */; };
		326BD79224E48AB6003C9F4E /* BonusSolutionSampleIosUITests.swift in Sources */ = {isa = PBXBuildFile; fileRef = 326BD79124E48AB6003C9F4E /* BonusSolutionSampleIosUITests.swift */; };
		8AA3B1CA86DDC8BE7CAF2B58 /* Pods_BonusSolutionSampleIosTests.framework in Frameworks */ = {isa = PBXBuildFile; fileRef = CE9FE937ABF04DD003164CB8 /* Pods_BonusSolutionSampleIosTests.framework */; };
		987014EAD483334C127B5E73 /* Pods_BonusSolutionSampleIos.framework in Frameworks */ = {isa = PBXBuildFile; fileRef = 3167BA9337D04E1BB674DDA1 /* Pods_BonusSolutionSampleIos.framework */; };
		F0BC5A864761E4B63408DC2A /* Pods_BonusSolutionSampleIos_BonusSolutionSampleIosUITests.framework in Frameworks */ = {isa = PBXBuildFile; fileRef = B242F538F0CA38D0F11A2ACB /* Pods_BonusSolutionSampleIos_BonusSolutionSampleIosUITests.framework */; };
/* End PBXBuildFile section */

/* Begin PBXContainerItemProxy section */
		326BD78324E48AB6003C9F4E /* PBXContainerItemProxy */ = {
			isa = PBXContainerItemProxy;
			containerPortal = 326BD76424E48AB3003C9F4E /* Project object */;
			proxyType = 1;
			remoteGlobalIDString = 326BD76B24E48AB3003C9F4E;
			remoteInfo = BonusSolutionSampleIos;
		};
		326BD78E24E48AB6003C9F4E /* PBXContainerItemProxy */ = {
			isa = PBXContainerItemProxy;
			containerPortal = 326BD76424E48AB3003C9F4E /* Project object */;
			proxyType = 1;
			remoteGlobalIDString = 326BD76B24E48AB3003C9F4E;
			remoteInfo = BonusSolutionSampleIos;
		};
/* End PBXContainerItemProxy section */

/* Begin PBXFileReference section */
		0D05791C752B6CF00CEEDF4E /* Pods-BonusSolutionSampleIos-BonusSolutionSampleIosUITests.release.xcconfig */ = {isa = PBXFileReference; includeInIndex = 1; lastKnownFileType = text.xcconfig; name = "Pods-BonusSolutionSampleIos-BonusSolutionSampleIosUITests.release.xcconfig"; path = "../../../Pods/Target Support Files/Pods-BonusSolutionSampleIos-BonusSolutionSampleIosUITests/Pods-BonusSolutionSampleIos-BonusSolutionSampleIosUITests.release.xcconfig"; sourceTree = "<group>"; };
		184880366F87E288C6C88C03 /* GlobalContentView.swift */ = {isa = PBXFileReference; fileEncoding = 4; lastKnownFileType = sourcecode.swift; path = GlobalContentView.swift; sourceTree = "<group>"; };
		18488A76CFCF62982A99149C /* GlobalViewModel.swift */ = {isa = PBXFileReference; fileEncoding = 4; lastKnownFileType = sourcecode.swift; path = GlobalViewModel.swift; sourceTree = "<group>"; };
		2AA6F18806312C3DFC57E7A4 /* Pods-BonusSolutionSampleIos.release.xcconfig */ = {isa = PBXFileReference; includeInIndex = 1; lastKnownFileType = text.xcconfig; name = "Pods-BonusSolutionSampleIos.release.xcconfig"; path = "../../../Pods/Target Support Files/Pods-BonusSolutionSampleIos/Pods-BonusSolutionSampleIos.release.xcconfig"; sourceTree = "<group>"; };
		3167BA9337D04E1BB674DDA1 /* Pods_BonusSolutionSampleIos.framework */ = {isa = PBXFileReference; explicitFileType = wrapper.framework; includeInIndex = 0; path = Pods_BonusSolutionSampleIos.framework; sourceTree = BUILT_PRODUCTS_DIR; };
		326BD76C24E48AB3003C9F4E /* BonusSolutionSampleIos.app */ = {isa = PBXFileReference; explicitFileType = wrapper.application; includeInIndex = 0; path = BonusSolutionSampleIos.app; sourceTree = BUILT_PRODUCTS_DIR; };
		326BD76F24E48AB3003C9F4E /* AppDelegate.swift */ = {isa = PBXFileReference; lastKnownFileType = sourcecode.swift; path = AppDelegate.swift; sourceTree = "<group>"; };
		326BD77124E48AB3003C9F4E /* SceneDelegate.swift */ = {isa = PBXFileReference; lastKnownFileType = sourcecode.swift; path = SceneDelegate.swift; sourceTree = "<group>"; };
		326BD77524E48AB6003C9F4E /* Assets.xcassets */ = {isa = PBXFileReference; lastKnownFileType = folder.assetcatalog; path = Assets.xcassets; sourceTree = "<group>"; };
		326BD77824E48AB6003C9F4E /* Preview Assets.xcassets */ = {isa = PBXFileReference; lastKnownFileType = folder.assetcatalog; path = "Preview Assets.xcassets"; sourceTree = "<group>"; };
		326BD77B24E48AB6003C9F4E /* Base */ = {isa = PBXFileReference; lastKnownFileType = file.storyboard; name = Base; path = Base.lproj/LaunchScreen.storyboard; sourceTree = "<group>"; };
		326BD77D24E48AB6003C9F4E /* Info.plist */ = {isa = PBXFileReference; lastKnownFileType = text.plist.xml; path = Info.plist; sourceTree = "<group>"; };
		326BD78224E48AB6003C9F4E /* BonusSolutionSampleIosTests.xctest */ = {isa = PBXFileReference; explicitFileType = wrapper.cfbundle; includeInIndex = 0; path = BonusSolutionSampleIosTests.xctest; sourceTree = BUILT_PRODUCTS_DIR; };
		326BD78624E48AB6003C9F4E /* BonusSolutionSampleIosTests.swift */ = {isa = PBXFileReference; lastKnownFileType = sourcecode.swift; path = BonusSolutionSampleIosTests.swift; sourceTree = "<group>"; };
		326BD78824E48AB6003C9F4E /* Info.plist */ = {isa = PBXFileReference; lastKnownFileType = text.plist.xml; path = Info.plist; sourceTree = "<group>"; };
		326BD78D24E48AB6003C9F4E /* BonusSolutionSampleIosUITests.xctest */ = {isa = PBXFileReference; explicitFileType = wrapper.cfbundle; includeInIndex = 0; path = BonusSolutionSampleIosUITests.xctest; sourceTree = BUILT_PRODUCTS_DIR; };
		326BD79124E48AB6003C9F4E /* BonusSolutionSampleIosUITests.swift */ = {isa = PBXFileReference; lastKnownFileType = sourcecode.swift; path = BonusSolutionSampleIosUITests.swift; sourceTree = "<group>"; };
		326BD79324E48AB6003C9F4E /* Info.plist */ = {isa = PBXFileReference; lastKnownFileType = text.plist.xml; path = Info.plist; sourceTree = "<group>"; };
		81A1651A0AC922B5E52943E1 /* Pods-BonusSolutionSampleIos-BonusSolutionSampleIosUITests.debug.xcconfig */ = {isa = PBXFileReference; includeInIndex = 1; lastKnownFileType = text.xcconfig; name = "Pods-BonusSolutionSampleIos-BonusSolutionSampleIosUITests.debug.xcconfig"; path = "../../../Pods/Target Support Files/Pods-BonusSolutionSampleIos-BonusSolutionSampleIosUITests/Pods-BonusSolutionSampleIos-BonusSolutionSampleIosUITests.debug.xcconfig"; sourceTree = "<group>"; };
		A3F01362D1D46D4568C5A698 /* Pods-BonusSolutionSampleIosTests.debug.xcconfig */ = {isa = PBXFileReference; includeInIndex = 1; lastKnownFileType = text.xcconfig; name = "Pods-BonusSolutionSampleIosTests.debug.xcconfig"; path = "../../../Pods/Target Support Files/Pods-BonusSolutionSampleIosTests/Pods-BonusSolutionSampleIosTests.debug.xcconfig"; sourceTree = "<group>"; };
		B242F538F0CA38D0F11A2ACB /* Pods_BonusSolutionSampleIos_BonusSolutionSampleIosUITests.framework */ = {isa = PBXFileReference; explicitFileType = wrapper.framework; includeInIndex = 0; path = Pods_BonusSolutionSampleIos_BonusSolutionSampleIosUITests.framework; sourceTree = BUILT_PRODUCTS_DIR; };
		CA684B7D47285AF58884B265 /* Pods-BonusSolutionSampleIos.debug.xcconfig */ = {isa = PBXFileReference; includeInIndex = 1; lastKnownFileType = text.xcconfig; name = "Pods-BonusSolutionSampleIos.debug.xcconfig"; path = "../../../Pods/Target Support Files/Pods-BonusSolutionSampleIos/Pods-BonusSolutionSampleIos.debug.xcconfig"; sourceTree = "<group>"; };
		CE9FE937ABF04DD003164CB8 /* Pods_BonusSolutionSampleIosTests.framework */ = {isa = PBXFileReference; explicitFileType = wrapper.framework; includeInIndex = 0; path = Pods_BonusSolutionSampleIosTests.framework; sourceTree = BUILT_PRODUCTS_DIR; };
		F7F64F71521A7E3D6F224244 /* Pods-BonusSolutionSampleIosTests.release.xcconfig */ = {isa = PBXFileReference; includeInIndex = 1; lastKnownFileType = text.xcconfig; name = "Pods-BonusSolutionSampleIosTests.release.xcconfig"; path = "../../../Pods/Target Support Files/Pods-BonusSolutionSampleIosTests/Pods-BonusSolutionSampleIosTests.release.xcconfig"; sourceTree = "<group>"; };
/* End PBXFileReference section */

/* Begin PBXFrameworksBuildPhase section */
		326BD76924E48AB3003C9F4E /* Frameworks */ = {
			isa = PBXFrameworksBuildPhase;
			buildActionMask = 2147483647;
			files = (
				987014EAD483334C127B5E73 /* Pods_BonusSolutionSampleIos.framework in Frameworks */,
			);
			runOnlyForDeploymentPostprocessing = 0;
		};
		326BD77F24E48AB6003C9F4E /* Frameworks */ = {
			isa = PBXFrameworksBuildPhase;
			buildActionMask = 2147483647;
			files = (
				8AA3B1CA86DDC8BE7CAF2B58 /* Pods_BonusSolutionSampleIosTests.framework in Frameworks */,
			);
			runOnlyForDeploymentPostprocessing = 0;
		};
		326BD78A24E48AB6003C9F4E /* Frameworks */ = {
			isa = PBXFrameworksBuildPhase;
			buildActionMask = 2147483647;
			files = (
				F0BC5A864761E4B63408DC2A /* Pods_BonusSolutionSampleIos_BonusSolutionSampleIosUITests.framework in Frameworks */,
			);
			runOnlyForDeploymentPostprocessing = 0;
		};
/* End PBXFrameworksBuildPhase section */

/* Begin PBXGroup section */
		326BD76324E48AB3003C9F4E = {
			isa = PBXGroup;
			children = (
				326BD76E24E48AB3003C9F4E /* BonusSolutionSampleIos */,
				326BD78524E48AB6003C9F4E /* BonusSolutionSampleIosTests */,
				326BD79024E48AB6003C9F4E /* BonusSolutionSampleIosUITests */,
				326BD76D24E48AB3003C9F4E /* Products */,
				F5E63CA6B742616C03B12AB2 /* Frameworks */,
				6F12613459B4E992B954264A /* Pods */,
			);
			sourceTree = "<group>";
		};
		326BD76D24E48AB3003C9F4E /* Products */ = {
			isa = PBXGroup;
			children = (
				326BD76C24E48AB3003C9F4E /* BonusSolutionSampleIos.app */,
				326BD78224E48AB6003C9F4E /* BonusSolutionSampleIosTests.xctest */,
				326BD78D24E48AB6003C9F4E /* BonusSolutionSampleIosUITests.xctest */,
			);
			name = Products;
			sourceTree = "<group>";
		};
		326BD76E24E48AB3003C9F4E /* BonusSolutionSampleIos */ = {
			isa = PBXGroup;
			children = (
				326BD76F24E48AB3003C9F4E /* AppDelegate.swift */,
				326BD77124E48AB3003C9F4E /* SceneDelegate.swift */,
				326BD77524E48AB6003C9F4E /* Assets.xcassets */,
				326BD77A24E48AB6003C9F4E /* LaunchScreen.storyboard */,
				326BD77D24E48AB6003C9F4E /* Info.plist */,
				326BD77724E48AB6003C9F4E /* Preview Content */,
				184880366F87E288C6C88C03 /* GlobalContentView.swift */,
				18488A76CFCF62982A99149C /* GlobalViewModel.swift */,
			);
			path = BonusSolutionSampleIos;
			sourceTree = "<group>";
		};
		326BD77724E48AB6003C9F4E /* Preview Content */ = {
			isa = PBXGroup;
			children = (
				326BD77824E48AB6003C9F4E /* Preview Assets.xcassets */,
			);
			path = "Preview Content";
			sourceTree = "<group>";
		};
		326BD78524E48AB6003C9F4E /* BonusSolutionSampleIosTests */ = {
			isa = PBXGroup;
			children = (
				326BD78624E48AB6003C9F4E /* BonusSolutionSampleIosTests.swift */,
				326BD78824E48AB6003C9F4E /* Info.plist */,
			);
			path = BonusSolutionSampleIosTests;
			sourceTree = "<group>";
		};
		326BD79024E48AB6003C9F4E /* BonusSolutionSampleIosUITests */ = {
			isa = PBXGroup;
			children = (
				326BD79124E48AB6003C9F4E /* BonusSolutionSampleIosUITests.swift */,
				326BD79324E48AB6003C9F4E /* Info.plist */,
			);
			path = BonusSolutionSampleIosUITests;
			sourceTree = "<group>";
		};
		6F12613459B4E992B954264A /* Pods */ = {
			isa = PBXGroup;
			children = (
				CA684B7D47285AF58884B265 /* Pods-BonusSolutionSampleIos.debug.xcconfig */,
				2AA6F18806312C3DFC57E7A4 /* Pods-BonusSolutionSampleIos.release.xcconfig */,
				81A1651A0AC922B5E52943E1 /* Pods-BonusSolutionSampleIos-BonusSolutionSampleIosUITests.debug.xcconfig */,
				0D05791C752B6CF00CEEDF4E /* Pods-BonusSolutionSampleIos-BonusSolutionSampleIosUITests.release.xcconfig */,
				A3F01362D1D46D4568C5A698 /* Pods-BonusSolutionSampleIosTests.debug.xcconfig */,
				F7F64F71521A7E3D6F224244 /* Pods-BonusSolutionSampleIosTests.release.xcconfig */,
			);
			name = Pods;
			path = Pods;
			sourceTree = "<group>";
		};
		F5E63CA6B742616C03B12AB2 /* Frameworks */ = {
			isa = PBXGroup;
			children = (
				3167BA9337D04E1BB674DDA1 /* Pods_BonusSolutionSampleIos.framework */,
				B242F538F0CA38D0F11A2ACB /* Pods_BonusSolutionSampleIos_BonusSolutionSampleIosUITests.framework */,
				CE9FE937ABF04DD003164CB8 /* Pods_BonusSolutionSampleIosTests.framework */,
			);
			name = Frameworks;
			sourceTree = "<group>";
		};
/* End PBXGroup section */

/* Begin PBXNativeTarget section */
		326BD76B24E48AB3003C9F4E /* BonusSolutionSampleIos */ = {
			isa = PBXNativeTarget;
			buildConfigurationList = 326BD79624E48AB6003C9F4E /* Build configuration list for PBXNativeTarget "BonusSolutionSampleIos" */;
			buildPhases = (
				1F99CA315762D3D37CD5FDE7 /* [CP] Check Pods Manifest.lock */,
				326BD76824E48AB3003C9F4E /* Sources */,
				326BD76924E48AB3003C9F4E /* Frameworks */,
				326BD76A24E48AB3003C9F4E /* Resources */,
			);
			buildRules = (
			);
			dependencies = (
			);
			name = BonusSolutionSampleIos;
			productName = BonusSolutionSampleIos;
			productReference = 326BD76C24E48AB3003C9F4E /* BonusSolutionSampleIos.app */;
			productType = "com.apple.product-type.application";
		};
		326BD78124E48AB6003C9F4E /* BonusSolutionSampleIosTests */ = {
			isa = PBXNativeTarget;
			buildConfigurationList = 326BD79924E48AB6003C9F4E /* Build configuration list for PBXNativeTarget "BonusSolutionSampleIosTests" */;
			buildPhases = (
				5A85C47F38263CAC60FF4E70 /* [CP] Check Pods Manifest.lock */,
				326BD77E24E48AB6003C9F4E /* Sources */,
				326BD77F24E48AB6003C9F4E /* Frameworks */,
				326BD78024E48AB6003C9F4E /* Resources */,
			);
			buildRules = (
			);
			dependencies = (
				326BD78424E48AB6003C9F4E /* PBXTargetDependency */,
			);
			name = BonusSolutionSampleIosTests;
			productName = BonusSolutionSampleIosTests;
			productReference = 326BD78224E48AB6003C9F4E /* BonusSolutionSampleIosTests.xctest */;
			productType = "com.apple.product-type.bundle.unit-test";
		};
		326BD78C24E48AB6003C9F4E /* BonusSolutionSampleIosUITests */ = {
			isa = PBXNativeTarget;
			buildConfigurationList = 326BD79C24E48AB6003C9F4E /* Build configuration list for PBXNativeTarget "BonusSolutionSampleIosUITests" */;
			buildPhases = (
				A206406A489E69D1ABC6C0E8 /* [CP] Check Pods Manifest.lock */,
				326BD78924E48AB6003C9F4E /* Sources */,
				326BD78A24E48AB6003C9F4E /* Frameworks */,
				326BD78B24E48AB6003C9F4E /* Resources */,
			);
			buildRules = (
			);
			dependencies = (
				326BD78F24E48AB6003C9F4E /* PBXTargetDependency */,
			);
			name = BonusSolutionSampleIosUITests;
			productName = BonusSolutionSampleIosUITests;
			productReference = 326BD78D24E48AB6003C9F4E /* BonusSolutionSampleIosUITests.xctest */;
			productType = "com.apple.product-type.bundle.ui-testing";
		};
/* End PBXNativeTarget section */

/* Begin PBXProject section */
		326BD76424E48AB3003C9F4E /* Project object */ = {
			isa = PBXProject;
			attributes = {
				LastSwiftUpdateCheck = 1160;
				LastUpgradeCheck = 1160;
				ORGANIZATIONNAME = sample;
				TargetAttributes = {
					326BD76B24E48AB3003C9F4E = {
						CreatedOnToolsVersion = 11.6;
					};
					326BD78124E48AB6003C9F4E = {
						CreatedOnToolsVersion = 11.6;
						TestTargetID = 326BD76B24E48AB3003C9F4E;
					};
					326BD78C24E48AB6003C9F4E = {
						CreatedOnToolsVersion = 11.6;
						TestTargetID = 326BD76B24E48AB3003C9F4E;
					};
				};
			};
			buildConfigurationList = 326BD76724E48AB3003C9F4E /* Build configuration list for PBXProject "BonusSolutionSampleIos" */;
			compatibilityVersion = "Xcode 9.3";
			developmentRegion = en;
			hasScannedForEncodings = 0;
			knownRegions = (
				en,
				Base,
			);
			mainGroup = 326BD76324E48AB3003C9F4E;
			productRefGroup = 326BD76D24E48AB3003C9F4E /* Products */;
			projectDirPath = "";
			projectRoot = "";
			targets = (
				326BD76B24E48AB3003C9F4E /* BonusSolutionSampleIos */,
				326BD78124E48AB6003C9F4E /* BonusSolutionSampleIosTests */,
				326BD78C24E48AB6003C9F4E /* BonusSolutionSampleIosUITests */,
			);
		};
/* End PBXProject section */

/* Begin PBXResourcesBuildPhase section */
		326BD76A24E48AB3003C9F4E /* Resources */ = {
			isa = PBXResourcesBuildPhase;
			buildActionMask = 2147483647;
			files = (
				326BD77C24E48AB6003C9F4E /* LaunchScreen.storyboard in Resources */,
				326BD77924E48AB6003C9F4E /* Preview Assets.xcassets in Resources */,
				326BD77624E48AB6003C9F4E /* Assets.xcassets in Resources */,
			);
			runOnlyForDeploymentPostprocessing = 0;
		};
		326BD78024E48AB6003C9F4E /* Resources */ = {
			isa = PBXResourcesBuildPhase;
			buildActionMask = 2147483647;
			files = (
			);
			runOnlyForDeploymentPostprocessing = 0;
		};
		326BD78B24E48AB6003C9F4E /* Resources */ = {
			isa = PBXResourcesBuildPhase;
			buildActionMask = 2147483647;
			files = (
			);
			runOnlyForDeploymentPostprocessing = 0;
		};
/* End PBXResourcesBuildPhase section */

/* Begin PBXShellScriptBuildPhase section */
		1F99CA315762D3D37CD5FDE7 /* [CP] Check Pods Manifest.lock */ = {
			isa = PBXShellScriptBuildPhase;
			buildActionMask = 2147483647;
			files = (
			);
			inputFileListPaths = (
			);
			inputPaths = (
				"${PODS_PODFILE_DIR_PATH}/Podfile.lock",
				"${PODS_ROOT}/Manifest.lock",
			);
			name = "[CP] Check Pods Manifest.lock";
			outputFileListPaths = (
			);
			outputPaths = (
				"$(DERIVED_FILE_DIR)/Pods-BonusSolutionSampleIos-checkManifestLockResult.txt",
			);
			runOnlyForDeploymentPostprocessing = 0;
			shellPath = /bin/sh;
			shellScript = "diff \"${PODS_PODFILE_DIR_PATH}/Podfile.lock\" \"${PODS_ROOT}/Manifest.lock\" > /dev/null\nif [ $? != 0 ] ; then\n    # print error to STDERR\n    echo \"error: The sandbox is not in sync with the Podfile.lock. Run 'pod install' or update your CocoaPods installation.\" >&2\n    exit 1\nfi\n# This output is used by Xcode 'outputs' to avoid re-running this script phase.\necho \"SUCCESS\" > \"${SCRIPT_OUTPUT_FILE_0}\"\n";
			showEnvVarsInLog = 0;
		};
		5A85C47F38263CAC60FF4E70 /* [CP] Check Pods Manifest.lock */ = {
			isa = PBXShellScriptBuildPhase;
			buildActionMask = 2147483647;
			files = (
			);
			inputFileListPaths = (
			);
			inputPaths = (
				"${PODS_PODFILE_DIR_PATH}/Podfile.lock",
				"${PODS_ROOT}/Manifest.lock",
			);
			name = "[CP] Check Pods Manifest.lock";
			outputFileListPaths = (
			);
			outputPaths = (
				"$(DERIVED_FILE_DIR)/Pods-BonusSolutionSampleIosTests-checkManifestLockResult.txt",
			);
			runOnlyForDeploymentPostprocessing = 0;
			shellPath = /bin/sh;
			shellScript = "diff \"${PODS_PODFILE_DIR_PATH}/Podfile.lock\" \"${PODS_ROOT}/Manifest.lock\" > /dev/null\nif [ $? != 0 ] ; then\n    # print error to STDERR\n    echo \"error: The sandbox is not in sync with the Podfile.lock. Run 'pod install' or update your CocoaPods installation.\" >&2\n    exit 1\nfi\n# This output is used by Xcode 'outputs' to avoid re-running this script phase.\necho \"SUCCESS\" > \"${SCRIPT_OUTPUT_FILE_0}\"\n";
			showEnvVarsInLog = 0;
		};
		A206406A489E69D1ABC6C0E8 /* [CP] Check Pods Manifest.lock */ = {
			isa = PBXShellScriptBuildPhase;
			buildActionMask = 2147483647;
			files = (
			);
			inputFileListPaths = (
			);
			inputPaths = (
				"${PODS_PODFILE_DIR_PATH}/Podfile.lock",
				"${PODS_ROOT}/Manifest.lock",
			);
			name = "[CP] Check Pods Manifest.lock";
			outputFileListPaths = (
			);
			outputPaths = (
				"$(DERIVED_FILE_DIR)/Pods-BonusSolutionSampleIos-BonusSolutionSampleIosUITests-checkManifestLockResult.txt",
			);
			runOnlyForDeploymentPostprocessing = 0;
			shellPath = /bin/sh;
			shellScript = "diff \"${PODS_PODFILE_DIR_PATH}/Podfile.lock\" \"${PODS_ROOT}/Manifest.lock\" > /dev/null\nif [ $? != 0 ] ; then\n    # print error to STDERR\n    echo \"error: The sandbox is not in sync with the Podfile.lock. Run 'pod install' or update your CocoaPods installation.\" >&2\n    exit 1\nfi\n# This output is used by Xcode 'outputs' to avoid re-running this script phase.\necho \"SUCCESS\" > \"${SCRIPT_OUTPUT_FILE_0}\"\n";
			showEnvVarsInLog = 0;
		};
/* End PBXShellScriptBuildPhase section */

/* Begin PBXSourcesBuildPhase section */
		326BD76824E48AB3003C9F4E /* Sources */ = {
			isa = PBXSourcesBuildPhase;
			buildActionMask = 2147483647;
			files = (
				326BD77024E48AB3003C9F4E /* AppDelegate.swift in Sources */,
				326BD77224E48AB3003C9F4E /* SceneDelegate.swift in Sources */,
				1848852150318B7F652DA366 /* GlobalContentView.swift in Sources */,
				18488EECCB0E98A89641E29A /* GlobalViewModel.swift in Sources */,
			);
			runOnlyForDeploymentPostprocessing = 0;
		};
		326BD77E24E48AB6003C9F4E /* Sources */ = {
			isa = PBXSourcesBuildPhase;
			buildActionMask = 2147483647;
			files = (
				326BD78724E48AB6003C9F4E /* BonusSolutionSampleIosTests.swift in Sources */,
			);
			runOnlyForDeploymentPostprocessing = 0;
		};
		326BD78924E48AB6003C9F4E /* Sources */ = {
			isa = PBXSourcesBuildPhase;
			buildActionMask = 2147483647;
			files = (
				326BD79224E48AB6003C9F4E /* BonusSolutionSampleIosUITests.swift in Sources */,
			);
			runOnlyForDeploymentPostprocessing = 0;
		};
/* End PBXSourcesBuildPhase section */

/* Begin PBXTargetDependency section */
		326BD78424E48AB6003C9F4E /* PBXTargetDependency */ = {
			isa = PBXTargetDependency;
			target = 326BD76B24E48AB3003C9F4E /* BonusSolutionSampleIos */;
			targetProxy = 326BD78324E48AB6003C9F4E /* PBXContainerItemProxy */;
		};
		326BD78F24E48AB6003C9F4E /* PBXTargetDependency */ = {
			isa = PBXTargetDependency;
			target = 326BD76B24E48AB3003C9F4E /* BonusSolutionSampleIos */;
			targetProxy = 326BD78E24E48AB6003C9F4E /* PBXContainerItemProxy */;
		};
/* End PBXTargetDependency section */

/* Begin PBXVariantGroup section */
		326BD77A24E48AB6003C9F4E /* LaunchScreen.storyboard */ = {
			isa = PBXVariantGroup;
			children = (
				326BD77B24E48AB6003C9F4E /* Base */,
			);
			name = LaunchScreen.storyboard;
			sourceTree = "<group>";
		};
/* End PBXVariantGroup section */

/* Begin XCBuildConfiguration section */
		326BD79424E48AB6003C9F4E /* Debug */ = {
			isa = XCBuildConfiguration;
			buildSettings = {
				ALWAYS_SEARCH_USER_PATHS = NO;
				CLANG_ANALYZER_NONNULL = YES;
				CLANG_ANALYZER_NUMBER_OBJECT_CONVERSION = YES_AGGRESSIVE;
				CLANG_CXX_LANGUAGE_STANDARD = "gnu++14";
				CLANG_CXX_LIBRARY = "libc++";
				CLANG_ENABLE_MODULES = YES;
				CLANG_ENABLE_OBJC_ARC = YES;
				CLANG_ENABLE_OBJC_WEAK = YES;
				CLANG_WARN_BLOCK_CAPTURE_AUTORELEASING = YES;
				CLANG_WARN_BOOL_CONVERSION = YES;
				CLANG_WARN_COMMA = YES;
				CLANG_WARN_CONSTANT_CONVERSION = YES;
				CLANG_WARN_DEPRECATED_OBJC_IMPLEMENTATIONS = YES;
				CLANG_WARN_DIRECT_OBJC_ISA_USAGE = YES_ERROR;
				CLANG_WARN_DOCUMENTATION_COMMENTS = YES;
				CLANG_WARN_EMPTY_BODY = YES;
				CLANG_WARN_ENUM_CONVERSION = YES;
				CLANG_WARN_INFINITE_RECURSION = YES;
				CLANG_WARN_INT_CONVERSION = YES;
				CLANG_WARN_NON_LITERAL_NULL_CONVERSION = YES;
				CLANG_WARN_OBJC_IMPLICIT_RETAIN_SELF = YES;
				CLANG_WARN_OBJC_LITERAL_CONVERSION = YES;
				CLANG_WARN_OBJC_ROOT_CLASS = YES_ERROR;
				CLANG_WARN_RANGE_LOOP_ANALYSIS = YES;
				CLANG_WARN_STRICT_PROTOTYPES = YES;
				CLANG_WARN_SUSPICIOUS_MOVE = YES;
				CLANG_WARN_UNGUARDED_AVAILABILITY = YES_AGGRESSIVE;
				CLANG_WARN_UNREACHABLE_CODE = YES;
				CLANG_WARN__DUPLICATE_METHOD_MATCH = YES;
				COPY_PHASE_STRIP = NO;
				DEBUG_INFORMATION_FORMAT = dwarf;
				ENABLE_STRICT_OBJC_MSGSEND = YES;
				ENABLE_TESTABILITY = YES;
				GCC_C_LANGUAGE_STANDARD = gnu11;
				GCC_DYNAMIC_NO_PIC = NO;
				GCC_NO_COMMON_BLOCKS = YES;
				GCC_OPTIMIZATION_LEVEL = 0;
				GCC_PREPROCESSOR_DEFINITIONS = (
					"DEBUG=1",
					"$(inherited)",
				);
				GCC_WARN_64_TO_32_BIT_CONVERSION = YES;
				GCC_WARN_ABOUT_RETURN_TYPE = YES_ERROR;
				GCC_WARN_UNDECLARED_SELECTOR = YES;
				GCC_WARN_UNINITIALIZED_AUTOS = YES_AGGRESSIVE;
				GCC_WARN_UNUSED_FUNCTION = YES;
				GCC_WARN_UNUSED_VARIABLE = YES;
				IPHONEOS_DEPLOYMENT_TARGET = 13.6;
				MTL_ENABLE_DEBUG_INFO = INCLUDE_SOURCE;
				MTL_FAST_MATH = YES;
				ONLY_ACTIVE_ARCH = YES;
				SDKROOT = iphoneos;
				SWIFT_ACTIVE_COMPILATION_CONDITIONS = DEBUG;
				SWIFT_OPTIMIZATION_LEVEL = "-Onone";
			};
			name = Debug;
		};
		326BD79524E48AB6003C9F4E /* Release */ = {
			isa = XCBuildConfiguration;
			buildSettings = {
				ALWAYS_SEARCH_USER_PATHS = NO;
				CLANG_ANALYZER_NONNULL = YES;
				CLANG_ANALYZER_NUMBER_OBJECT_CONVERSION = YES_AGGRESSIVE;
				CLANG_CXX_LANGUAGE_STANDARD = "gnu++14";
				CLANG_CXX_LIBRARY = "libc++";
				CLANG_ENABLE_MODULES = YES;
				CLANG_ENABLE_OBJC_ARC = YES;
				CLANG_ENABLE_OBJC_WEAK = YES;
				CLANG_WARN_BLOCK_CAPTURE_AUTORELEASING = YES;
				CLANG_WARN_BOOL_CONVERSION = YES;
				CLANG_WARN_COMMA = YES;
				CLANG_WARN_CONSTANT_CONVERSION = YES;
				CLANG_WARN_DEPRECATED_OBJC_IMPLEMENTATIONS = YES;
				CLANG_WARN_DIRECT_OBJC_ISA_USAGE = YES_ERROR;
				CLANG_WARN_DOCUMENTATION_COMMENTS = YES;
				CLANG_WARN_EMPTY_BODY = YES;
				CLANG_WARN_ENUM_CONVERSION = YES;
				CLANG_WARN_INFINITE_RECURSION = YES;
				CLANG_WARN_INT_CONVERSION = YES;
				CLANG_WARN_NON_LITERAL_NULL_CONVERSION = YES;
				CLANG_WARN_OBJC_IMPLICIT_RETAIN_SELF = YES;
				CLANG_WARN_OBJC_LITERAL_CONVERSION = YES;
				CLANG_WARN_OBJC_ROOT_CLASS = YES_ERROR;
				CLANG_WARN_RANGE_LOOP_ANALYSIS = YES;
				CLANG_WARN_STRICT_PROTOTYPES = YES;
				CLANG_WARN_SUSPICIOUS_MOVE = YES;
				CLANG_WARN_UNGUARDED_AVAILABILITY = YES_AGGRESSIVE;
				CLANG_WARN_UNREACHABLE_CODE = YES;
				CLANG_WARN__DUPLICATE_METHOD_MATCH = YES;
				COPY_PHASE_STRIP = NO;
				DEBUG_INFORMATION_FORMAT = "dwarf-with-dsym";
				ENABLE_NS_ASSERTIONS = NO;
				ENABLE_STRICT_OBJC_MSGSEND = YES;
				GCC_C_LANGUAGE_STANDARD = gnu11;
				GCC_NO_COMMON_BLOCKS = YES;
				GCC_WARN_64_TO_32_BIT_CONVERSION = YES;
				GCC_WARN_ABOUT_RETURN_TYPE = YES_ERROR;
				GCC_WARN_UNDECLARED_SELECTOR = YES;
				GCC_WARN_UNINITIALIZED_AUTOS = YES_AGGRESSIVE;
				GCC_WARN_UNUSED_FUNCTION = YES;
				GCC_WARN_UNUSED_VARIABLE = YES;
				IPHONEOS_DEPLOYMENT_TARGET = 13.6;
				MTL_ENABLE_DEBUG_INFO = NO;
				MTL_FAST_MATH = YES;
				SDKROOT = iphoneos;
				SWIFT_COMPILATION_MODE = wholemodule;
				SWIFT_OPTIMIZATION_LEVEL = "-O";
				VALIDATE_PRODUCT = YES;
			};
			name = Release;
		};
		326BD79724E48AB6003C9F4E /* Debug */ = {
			isa = XCBuildConfiguration;
			baseConfigurationReference = CA684B7D47285AF58884B265 /* Pods-BonusSolutionSampleIos.debug.xcconfig */;
			buildSettings = {
				ASSETCATALOG_COMPILER_APPICON_NAME = AppIcon;
				CODE_SIGN_STYLE = Automatic;
				DEVELOPMENT_ASSET_PATHS = "\"BonusSolutionSampleIos/Preview Content\"";
				ENABLE_PREVIEWS = YES;
				INFOPLIST_FILE = BonusSolutionSampleIos/Info.plist;
				LD_RUNPATH_SEARCH_PATHS = (
					"$(inherited)",
					"@executable_path/Frameworks",
				);
				PRODUCT_BUNDLE_IDENTIFIER = com.sample.BonusSolutionSampleIos;
				PRODUCT_NAME = "$(TARGET_NAME)";
				SWIFT_VERSION = 5.0;
				TARGETED_DEVICE_FAMILY = "1,2";
			};
			name = Debug;
		};
		326BD79824E48AB6003C9F4E /* Release */ = {
			isa = XCBuildConfiguration;
			baseConfigurationReference = 2AA6F18806312C3DFC57E7A4 /* Pods-BonusSolutionSampleIos.release.xcconfig */;
			buildSettings = {
				ASSETCATALOG_COMPILER_APPICON_NAME = AppIcon;
				CODE_SIGN_STYLE = Automatic;
				DEVELOPMENT_ASSET_PATHS = "\"BonusSolutionSampleIos/Preview Content\"";
				ENABLE_PREVIEWS = YES;
				INFOPLIST_FILE = BonusSolutionSampleIos/Info.plist;
				LD_RUNPATH_SEARCH_PATHS = (
					"$(inherited)",
					"@executable_path/Frameworks",
				);
				PRODUCT_BUNDLE_IDENTIFIER = com.sample.BonusSolutionSampleIos;
				PRODUCT_NAME = "$(TARGET_NAME)";
				SWIFT_VERSION = 5.0;
				TARGETED_DEVICE_FAMILY = "1,2";
			};
			name = Release;
		};
		326BD79A24E48AB6003C9F4E /* Debug */ = {
			isa = XCBuildConfiguration;
			baseConfigurationReference = A3F01362D1D46D4568C5A698 /* Pods-BonusSolutionSampleIosTests.debug.xcconfig */;
			buildSettings = {
				ALWAYS_EMBED_SWIFT_STANDARD_LIBRARIES = YES;
				BUNDLE_LOADER = "$(TEST_HOST)";
				CODE_SIGN_STYLE = Automatic;
				INFOPLIST_FILE = BonusSolutionSampleIosTests/Info.plist;
				IPHONEOS_DEPLOYMENT_TARGET = 13.6;
				LD_RUNPATH_SEARCH_PATHS = (
					"$(inherited)",
					"@executable_path/Frameworks",
					"@loader_path/Frameworks",
				);
				PRODUCT_BUNDLE_IDENTIFIER = com.sample.BonusSolutionSampleIosTests;
				PRODUCT_NAME = "$(TARGET_NAME)";
				SWIFT_VERSION = 5.0;
				TARGETED_DEVICE_FAMILY = "1,2";
				TEST_HOST = "$(BUILT_PRODUCTS_DIR)/BonusSolutionSampleIos.app/BonusSolutionSampleIos";
			};
			name = Debug;
		};
		326BD79B24E48AB6003C9F4E /* Release */ = {
			isa = XCBuildConfiguration;
			baseConfigurationReference = F7F64F71521A7E3D6F224244 /* Pods-BonusSolutionSampleIosTests.release.xcconfig */;
			buildSettings = {
				ALWAYS_EMBED_SWIFT_STANDARD_LIBRARIES = YES;
				BUNDLE_LOADER = "$(TEST_HOST)";
				CODE_SIGN_STYLE = Automatic;
				INFOPLIST_FILE = BonusSolutionSampleIosTests/Info.plist;
				IPHONEOS_DEPLOYMENT_TARGET = 13.6;
				LD_RUNPATH_SEARCH_PATHS = (
					"$(inherited)",
					"@executable_path/Frameworks",
					"@loader_path/Frameworks",
				);
				PRODUCT_BUNDLE_IDENTIFIER = com.sample.BonusSolutionSampleIosTests;
				PRODUCT_NAME = "$(TARGET_NAME)";
				SWIFT_VERSION = 5.0;
				TARGETED_DEVICE_FAMILY = "1,2";
				TEST_HOST = "$(BUILT_PRODUCTS_DIR)/BonusSolutionSampleIos.app/BonusSolutionSampleIos";
			};
			name = Release;
		};
		326BD79D24E48AB6003C9F4E /* Debug */ = {
			isa = XCBuildConfiguration;
			baseConfigurationReference = 81A1651A0AC922B5E52943E1 /* Pods-BonusSolutionSampleIos-BonusSolutionSampleIosUITests.debug.xcconfig */;
			buildSettings = {
				ALWAYS_EMBED_SWIFT_STANDARD_LIBRARIES = YES;
				CODE_SIGN_STYLE = Automatic;
				INFOPLIST_FILE = BonusSolutionSampleIosUITests/Info.plist;
				LD_RUNPATH_SEARCH_PATHS = (
					"$(inherited)",
					"@executable_path/Frameworks",
					"@loader_path/Frameworks",
				);
				PRODUCT_BUNDLE_IDENTIFIER = com.sample.BonusSolutionSampleIosUITests;
				PRODUCT_NAME = "$(TARGET_NAME)";
				SWIFT_VERSION = 5.0;
				TARGETED_DEVICE_FAMILY = "1,2";
				TEST_TARGET_NAME = BonusSolutionSampleIos;
			};
			name = Debug;
		};
		326BD79E24E48AB6003C9F4E /* Release */ = {
			isa = XCBuildConfiguration;
			baseConfigurationReference = 0D05791C752B6CF00CEEDF4E /* Pods-BonusSolutionSampleIos-BonusSolutionSampleIosUITests.release.xcconfig */;
			buildSettings = {
				ALWAYS_EMBED_SWIFT_STANDARD_LIBRARIES = YES;
				CODE_SIGN_STYLE = Automatic;
				INFOPLIST_FILE = BonusSolutionSampleIosUITests/Info.plist;
				LD_RUNPATH_SEARCH_PATHS = (
					"$(inherited)",
					"@executable_path/Frameworks",
					"@loader_path/Frameworks",
				);
				PRODUCT_BUNDLE_IDENTIFIER = com.sample.BonusSolutionSampleIosUITests;
				PRODUCT_NAME = "$(TARGET_NAME)";
				SWIFT_VERSION = 5.0;
				TARGETED_DEVICE_FAMILY = "1,2";
				TEST_TARGET_NAME = BonusSolutionSampleIos;
			};
			name = Release;
		};
/* End XCBuildConfiguration section */

/* Begin XCConfigurationList section */
		326BD76724E48AB3003C9F4E /* Build configuration list for PBXProject "BonusSolutionSampleIos" */ = {
			isa = XCConfigurationList;
			buildConfigurations = (
				326BD79424E48AB6003C9F4E /* Debug */,
				326BD79524E48AB6003C9F4E /* Release */,
			);
			defaultConfigurationIsVisible = 0;
			defaultConfigurationName = Release;
		};
		326BD79624E48AB6003C9F4E /* Build configuration list for PBXNativeTarget "BonusSolutionSampleIos" */ = {
			isa = XCConfigurationList;
			buildConfigurations = (
				326BD79724E48AB6003C9F4E /* Debug */,
				326BD79824E48AB6003C9F4E /* Release */,
			);
			defaultConfigurationIsVisible = 0;
			defaultConfigurationName = Release;
		};
		326BD79924E48AB6003C9F4E /* Build configuration list for PBXNativeTarget "BonusSolutionSampleIosTests" */ = {
			isa = XCConfigurationList;
			buildConfigurations = (
				326BD79A24E48AB6003C9F4E /* Debug */,
				326BD79B24E48AB6003C9F4E /* Release */,
			);
			defaultConfigurationIsVisible = 0;
			defaultConfigurationName = Release;
		};
		326BD79C24E48AB6003C9F4E /* Build configuration list for PBXNativeTarget "BonusSolutionSampleIosUITests" */ = {
			isa = XCConfigurationList;
			buildConfigurations = (
				326BD79D24E48AB6003C9F4E /* Debug */,
				326BD79E24E48AB6003C9F4E /* Release */,
			);
			defaultConfigurationIsVisible = 0;
			defaultConfigurationName = Release;
		};
/* End XCConfigurationList section */
	};
	rootObject = 326BD76424E48AB3003C9F4E /* Project object */;
}
