PODS:
  - app_di (1.0)
  - app_di_swift (0.0.1):
    - app_di

DEPENDENCIES:
  - app_di (from `../app-di`)
  - app_di_swift (from `../app-di/swift`)

EXTERNAL SOURCES:
  app_di:
    :path: "../app-di"
  app_di_swift:
    :path: "../app-di/swift"

SPEC CHECKSUMS:
  app_di: e664b5c52e3f315e169f8b241ff9df09f7c68804
  app_di_swift: 2fddd96b663ef6d68efec6cde52caaa65c2a6e95

PODFILE CHECKSUM: bb0b039d70b0a4a57dc95735fa5d67381d786c26

COCOAPODS: 1.9.3
