<?xml version="1.0" encoding="UTF-8"?>
<Scheme
   version = "1.3">
   <BuildAction>
      <BuildActionEntries>
         <BuildActionEntry
            buildForRunning = "YES">
            <BuildableReference
               BuildableIdentifier = "primary"
               BlueprintIdentifier = "326BD76B24E48AB3003C9F4E"
               BuildableName = "SolutionArchitecture.app"
               BlueprintName = "SolutionArchitecture"
               ReferencedContainer = "container:SolutionArchitecture.xcodeproj">
            </BuildableReference>
         </BuildActionEntry>
      </BuildActionEntries>
   </BuildAction>
   <LaunchAction
      useCustomWorkingDirectory = "NO"
      buildConfiguration = "Debug"
      allowLocationSimulation = "YES">
      <BuildableProductRunnable>
         <BuildableReference
            BuildableIdentifier = "primary"
            BlueprintIdentifier = "326BD76B24E48AB3003C9F4E"
            BuildableName = "SolutionArchitecture.app"
            BlueprintName = "SolutionArchitecture"
            ReferencedContainer = "container:SolutionArchitecture.xcodeproj">
         </BuildableReference>
      </BuildableProductRunnable>
   </LaunchAction>
</Scheme>
